
Microsoft Visual Studio Solution File, Format Version 12.00
# Visual Studio Version 17
VisualStudioVersion = 17.9.34622.214
MinimumVisualStudioVersion = 10.0.40219.1
Project("{FAE04EC0-301F-11D3-BF4B-00C04F79EFBC}") = "Adressen", "Adressen\Adressen.csproj", "{17A0424D-0F8E-4DAD-A722-C6967533D494}"
EndProject
Global
	GlobalSection(SolutionConfigurationPlatforms) = preSolution
		Debug|Any CPU = Debug|Any CPU
		Release|Any CPU = Release|Any CPU
	EndGlobalSection
	GlobalSection(ProjectConfigurationPlatforms) = postSolution
		{17A0424D-0F8E-4DAD-A722-C6967533D494}.Debug|Any CPU.ActiveCfg = Debug|Any CPU
		{17A0424D-0F8E-4DAD-A722-C6967533D494}.Debug|Any CPU.Build.0 = Debug|Any CPU
		{17A0424D-0F8E-4DAD-A722-C6967533D494}.Release|Any CPU.ActiveCfg = Release|Any CPU
		{17A0424D-0F8E-4DAD-A722-C6967533D494}.Release|Any CPU.Build.0 = Release|Any CPU
	EndGlobalSection
	GlobalSection(SolutionProperties) = preSolution
		HideSolutionNode = FALSE
	EndGlobalSection
	GlobalSection(ExtensibilityGlobals) = postSolution
		SolutionGuid = {1A246231-5729-47FD-A1E8-75C9BFAF0322}
	EndGlobalSection
EndGlobal
